// !$*UTF8*$!
{
	archiveVersion = 1;
	classes = {
	};
	objectVersion = 50;
	objects = {

/* Begin PBXBuildFile section */
		71794DEE24C2187D0070F5C5 /* SavedPalettesController.swift in Sources */ = {isa = PBXBuildFile; fileRef = 71794DE824C2187D0070F5C5 /* SavedPalettesController.swift */; };
		71794DEF24C2187D0070F5C5 /* Palette.swift in Sources */ = {isa = PBXBuildFile; fileRef = 71794DE924C2187D0070F5C5 /* Palette.swift */; };
		71794DF024C2187D0070F5C5 /* SavedPalettesNavigationController.swift in Sources */ = {isa = PBXBuildFile; fileRef = 71794DEA24C2187D0070F5C5 /* SavedPalettesNavigationController.swift */; };
		71794DF124C2187D0070F5C5 /* SavedPalettes.storyboard in Resources */ = {isa = PBXBuildFile; fileRef = 71794DEB24C2187D0070F5C5 /* SavedPalettes.storyboard */; };
		71794DF224C2187D0070F5C5 /* CodableColor.swift in Sources */ = {isa = PBXBuildFile; fileRef = 71794DEC24C2187D0070F5C5 /* CodableColor.swift */; };
		71794DF324C2187D0070F5C5 /* PaletteController.swift in Sources */ = {isa = PBXBuildFile; fileRef = 71794DED24C2187D0070F5C5 /* PaletteController.swift */; };
		71E4BEC024BB75DE00045156 /* ColorPickerController.swift in Sources */ = {isa = PBXBuildFile; fileRef = 71E4BEBE24BB75DE00045156 /* ColorPickerController.swift */; };
		71E4BEC124BB75DE00045156 /* ColorPicker.storyboard in Resources */ = {isa = PBXBuildFile; fileRef = 71E4BEBF24BB75DE00045156 /* ColorPicker.storyboard */; };
		7C296C6724BDA55A003B8941 /* imageResizer.swift in Sources */ = {isa = PBXBuildFile; fileRef = 7C296C6624BDA55A003B8941 /* imageResizer.swift */; };
		7CC5B03A24BC6910000CA6D2 /* PixelsController.swift in Sources */ = {isa = PBXBuildFile; fileRef = 7CC5B03724BC6910000CA6D2 /* PixelsController.swift */; };
		7CC5B03B24BC6910000CA6D2 /* CustomTableViewCell.swift in Sources */ = {isa = PBXBuildFile; fileRef = 7CC5B03824BC6910000CA6D2 /* CustomTableViewCell.swift */; };
		7CC5B03C24BC6910000CA6D2 /* PaletteAlgorithmStoryboard.storyboard in Resources */ = {isa = PBXBuildFile; fileRef = 7CC5B03924BC6910000CA6D2 /* PaletteAlgorithmStoryboard.storyboard */; };
		7CC5B04124BC6923000CA6D2 /* RGBAImage.swift in Sources */ = {isa = PBXBuildFile; fileRef = 7CC5B03E24BC6923000CA6D2 /* RGBAImage.swift */; };
		7CC5B04224BC6923000CA6D2 /* ImageProcessor.swift in Sources */ = {isa = PBXBuildFile; fileRef = 7CC5B03F24BC6923000CA6D2 /* ImageProcessor.swift */; };
		7CC5B04524BCA77F000CA6D2 /* Colournames.json in Resources */ = {isa = PBXBuildFile; fileRef = 7CC5B04424BCA77E000CA6D2 /* Colournames.json */; };
		7CC5B04924BCB74B000CA6D2 /* Database.swift in Sources */ = {isa = PBXBuildFile; fileRef = 7CC5B04824BCB74B000CA6D2 /* Database.swift */; };
		7D5AB71E24B78CA500A8BBE8 /* AppDelegate.swift in Sources */ = {isa = PBXBuildFile; fileRef = 7D5AB71D24B78CA500A8BBE8 /* AppDelegate.swift */; };
		7D5AB72024B78CA500A8BBE8 /* SceneDelegate.swift in Sources */ = {isa = PBXBuildFile; fileRef = 7D5AB71F24B78CA500A8BBE8 /* SceneDelegate.swift */; };
		7D5AB72224B78CA500A8BBE8 /* ViewController.swift in Sources */ = {isa = PBXBuildFile; fileRef = 7D5AB72124B78CA500A8BBE8 /* ViewController.swift */; };
		7D5AB72524B78CA500A8BBE8 /* Main.storyboard in Resources */ = {isa = PBXBuildFile; fileRef = 7D5AB72324B78CA500A8BBE8 /* Main.storyboard */; };
		7D5AB72724B78CA700A8BBE8 /* Assets.xcassets in Resources */ = {isa = PBXBuildFile; fileRef = 7D5AB72624B78CA700A8BBE8 /* Assets.xcassets */; };
		7D5AB72A24B78CA700A8BBE8 /* LaunchScreen.storyboard in Resources */ = {isa = PBXBuildFile; fileRef = 7D5AB72824B78CA700A8BBE8 /* LaunchScreen.storyboard */; };
/* End PBXBuildFile section */

/* Begin PBXFileReference section */
		71794DE824C2187D0070F5C5 /* SavedPalettesController.swift */ = {isa = PBXFileReference; fileEncoding = 4; lastKnownFileType = sourcecode.swift; path = SavedPalettesController.swift; sourceTree = "<group>"; };
		71794DE924C2187D0070F5C5 /* Palette.swift */ = {isa = PBXFileReference; fileEncoding = 4; lastKnownFileType = sourcecode.swift; path = Palette.swift; sourceTree = "<group>"; };
		71794DEA24C2187D0070F5C5 /* SavedPalettesNavigationController.swift */ = {isa = PBXFileReference; fileEncoding = 4; lastKnownFileType = sourcecode.swift; path = SavedPalettesNavigationController.swift; sourceTree = "<group>"; };
		71794DEB24C2187D0070F5C5 /* SavedPalettes.storyboard */ = {isa = PBXFileReference; fileEncoding = 4; lastKnownFileType = file.storyboard; path = SavedPalettes.storyboard; sourceTree = "<group>"; };
		71794DEC24C2187D0070F5C5 /* CodableColor.swift */ = {isa = PBXFileReference; fileEncoding = 4; lastKnownFileType = sourcecode.swift; path = CodableColor.swift; sourceTree = "<group>"; };
		71794DED24C2187D0070F5C5 /* PaletteController.swift */ = {isa = PBXFileReference; fileEncoding = 4; lastKnownFileType = sourcecode.swift; path = PaletteController.swift; sourceTree = "<group>"; };
		71E4BEBE24BB75DE00045156 /* ColorPickerController.swift */ = {isa = PBXFileReference; fileEncoding = 4; lastKnownFileType = sourcecode.swift; path = ColorPickerController.swift; sourceTree = "<group>"; };
		71E4BEBF24BB75DE00045156 /* ColorPicker.storyboard */ = {isa = PBXFileReference; fileEncoding = 4; lastKnownFileType = file.storyboard; path = ColorPicker.storyboard; sourceTree = "<group>"; };
		7C296C6624BDA55A003B8941 /* imageResizer.swift */ = {isa = PBXFileReference; lastKnownFileType = sourcecode.swift; path = imageResizer.swift; sourceTree = "<group>"; };
		7CC5B03724BC6910000CA6D2 /* PixelsController.swift */ = {isa = PBXFileReference; fileEncoding = 4; lastKnownFileType = sourcecode.swift; path = PixelsController.swift; sourceTree = "<group>"; };
		7CC5B03824BC6910000CA6D2 /* CustomTableViewCell.swift */ = {isa = PBXFileReference; fileEncoding = 4; lastKnownFileType = sourcecode.swift; path = CustomTableViewCell.swift; sourceTree = "<group>"; };
		7CC5B03924BC6910000CA6D2 /* PaletteAlgorithmStoryboard.storyboard */ = {isa = PBXFileReference; fileEncoding = 4; lastKnownFileType = file.storyboard; path = PaletteAlgorithmStoryboard.storyboard; sourceTree = "<group>"; };
		7CC5B03E24BC6923000CA6D2 /* RGBAImage.swift */ = {isa = PBXFileReference; fileEncoding = 4; lastKnownFileType = sourcecode.swift; path = RGBAImage.swift; sourceTree = "<group>"; };
		7CC5B03F24BC6923000CA6D2 /* ImageProcessor.swift */ = {isa = PBXFileReference; fileEncoding = 4; lastKnownFileType = sourcecode.swift; path = ImageProcessor.swift; sourceTree = "<group>"; };
		7CC5B04424BCA77E000CA6D2 /* Colournames.json */ = {isa = PBXFileReference; fileEncoding = 4; lastKnownFileType = text.json; path = Colournames.json; sourceTree = "<group>"; };
		7CC5B04824BCB74B000CA6D2 /* Database.swift */ = {isa = PBXFileReference; lastKnownFileType = sourcecode.swift; path = Database.swift; sourceTree = "<group>"; };
		7D5AB71A24B78CA500A8BBE8 /* photoColormeter.app */ = {isa = PBXFileReference; explicitFileType = wrapper.application; includeInIndex = 0; path = photoColormeter.app; sourceTree = BUILT_PRODUCTS_DIR; };
		7D5AB71D24B78CA500A8BBE8 /* AppDelegate.swift */ = {isa = PBXFileReference; lastKnownFileType = sourcecode.swift; path = AppDelegate.swift; sourceTree = "<group>"; };
		7D5AB71F24B78CA500A8BBE8 /* SceneDelegate.swift */ = {isa = PBXFileReference; lastKnownFileType = sourcecode.swift; path = SceneDelegate.swift; sourceTree = "<group>"; };
		7D5AB72124B78CA500A8BBE8 /* ViewController.swift */ = {isa = PBXFileReference; lastKnownFileType = sourcecode.swift; path = ViewController.swift; sourceTree = "<group>"; };
		7D5AB72424B78CA500A8BBE8 /* Base */ = {isa = PBXFileReference; lastKnownFileType = file.storyboard; name = Base; path = Base.lproj/Main.storyboard; sourceTree = "<group>"; };
		7D5AB72624B78CA700A8BBE8 /* Assets.xcassets */ = {isa = PBXFileReference; lastKnownFileType = folder.assetcatalog; path = Assets.xcassets; sourceTree = "<group>"; };
		7D5AB72924B78CA700A8BBE8 /* Base */ = {isa = PBXFileReference; lastKnownFileType = file.storyboard; name = Base; path = Base.lproj/LaunchScreen.storyboard; sourceTree = "<group>"; };
		7D5AB72B24B78CA700A8BBE8 /* Info.plist */ = {isa = PBXFileReference; lastKnownFileType = text.plist.xml; path = Info.plist; sourceTree = "<group>"; };
/* End PBXFileReference section */

/* Begin PBXFrameworksBuildPhase section */
		7D5AB71724B78CA500A8BBE8 /* Frameworks */ = {
			isa = PBXFrameworksBuildPhase;
			buildActionMask = 2147483647;
			files = (
			);
			runOnlyForDeploymentPostprocessing = 0;
		};
/* End PBXFrameworksBuildPhase section */

/* Begin PBXGroup section */
		71794DE724C2187D0070F5C5 /* Saved Palettes */ = {
			isa = PBXGroup;
			children = (
				71794DE824C2187D0070F5C5 /* SavedPalettesController.swift */,
				71794DE924C2187D0070F5C5 /* Palette.swift */,
				71794DEA24C2187D0070F5C5 /* SavedPalettesNavigationController.swift */,
				71794DEB24C2187D0070F5C5 /* SavedPalettes.storyboard */,
				71794DEC24C2187D0070F5C5 /* CodableColor.swift */,
				71794DED24C2187D0070F5C5 /* PaletteController.swift */,
			);
			path = "Saved Palettes";
			sourceTree = "<group>";
		};
		71E4BEBD24BB75DE00045156 /* ColorPicker */ = {
			isa = PBXGroup;
			children = (
				71E4BEBE24BB75DE00045156 /* ColorPickerController.swift */,
				71E4BEBF24BB75DE00045156 /* ColorPicker.storyboard */,
			);
			path = ColorPicker;
			sourceTree = "<group>";
		};
		7CC5B03624BC6910000CA6D2 /* GetPalette */ = {
			isa = PBXGroup;
			children = (
				7CC5B03724BC6910000CA6D2 /* PixelsController.swift */,
				7CC5B03824BC6910000CA6D2 /* CustomTableViewCell.swift */,
				7CC5B03924BC6910000CA6D2 /* PaletteAlgorithmStoryboard.storyboard */,
			);
			path = GetPalette;
			sourceTree = SOURCE_ROOT;
		};
		7CC5B03D24BC6923000CA6D2 /* ImageProcessor */ = {
			isa = PBXGroup;
			children = (
				7CC5B04424BCA77E000CA6D2 /* Colournames.json */,
				7CC5B03E24BC6923000CA6D2 /* RGBAImage.swift */,
				7CC5B03F24BC6923000CA6D2 /* ImageProcessor.swift */,
				7CC5B04824BCB74B000CA6D2 /* Database.swift */,
				7C296C6624BDA55A003B8941 /* imageResizer.swift */,
			);
			path = ImageProcessor;
			sourceTree = SOURCE_ROOT;
		};
		7D5AB71124B78CA500A8BBE8 = {
			isa = PBXGroup;
			children = (
				7D5AB71C24B78CA500A8BBE8 /* photoColormeter */,
				7D5AB71B24B78CA500A8BBE8 /* Products */,
			);
			sourceTree = "<group>";
		};
		7D5AB71B24B78CA500A8BBE8 /* Products */ = {
			isa = PBXGroup;
			children = (
				7D5AB71A24B78CA500A8BBE8 /* photoColormeter.app */,
			);
			name = Products;
			sourceTree = "<group>";
		};
		7D5AB71C24B78CA500A8BBE8 /* photoColormeter */ = {
			isa = PBXGroup;
			children = (
				7CC5B03D24BC6923000CA6D2 /* ImageProcessor */,
				7CC5B03624BC6910000CA6D2 /* GetPalette */,
				71E4BEBD24BB75DE00045156 /* ColorPicker */,
				71794DE724C2187D0070F5C5 /* Saved Palettes */,
				7D5AB71D24B78CA500A8BBE8 /* AppDelegate.swift */,
				7D5AB71F24B78CA500A8BBE8 /* SceneDelegate.swift */,
				7D5AB72124B78CA500A8BBE8 /* ViewController.swift */,
				7D5AB72324B78CA500A8BBE8 /* Main.storyboard */,
				7D5AB72624B78CA700A8BBE8 /* Assets.xcassets */,
				7D5AB72824B78CA700A8BBE8 /* LaunchScreen.storyboard */,
				7D5AB72B24B78CA700A8BBE8 /* Info.plist */,
			);
			path = photoColormeter;
			sourceTree = "<group>";
		};
/* End PBXGroup section */

/* Begin PBXNativeTarget section */
		7D5AB71924B78CA500A8BBE8 /* photoColormeter */ = {
			isa = PBXNativeTarget;
			buildConfigurationList = 7D5AB72E24B78CA700A8BBE8 /* Build configuration list for PBXNativeTarget "photoColormeter" */;
			buildPhases = (
				7D5AB71624B78CA500A8BBE8 /* Sources */,
				7D5AB71724B78CA500A8BBE8 /* Frameworks */,
				7D5AB71824B78CA500A8BBE8 /* Resources */,
			);
			buildRules = (
			);
			dependencies = (
			);
			name = photoColormeter;
			productName = photoColormeter;
			productReference = 7D5AB71A24B78CA500A8BBE8 /* photoColormeter.app */;
			productType = "com.apple.product-type.application";
		};
/* End PBXNativeTarget section */

/* Begin PBXProject section */
		7D5AB71224B78CA500A8BBE8 /* Project object */ = {
			isa = PBXProject;
			attributes = {
				LastSwiftUpdateCheck = 1150;
				LastUpgradeCheck = 1150;
				ORGANIZATIONNAME = "Евгений Самарин";
				TargetAttributes = {
					7D5AB71924B78CA500A8BBE8 = {
						CreatedOnToolsVersion = 11.5;
					};
				};
			};
			buildConfigurationList = 7D5AB71524B78CA500A8BBE8 /* Build configuration list for PBXProject "photoColormeter" */;
			compatibilityVersion = "Xcode 9.3";
			developmentRegion = en;
			hasScannedForEncodings = 0;
			knownRegions = (
				en,
				Base,
			);
			mainGroup = 7D5AB71124B78CA500A8BBE8;
			productRefGroup = 7D5AB71B24B78CA500A8BBE8 /* Products */;
			projectDirPath = "";
			projectRoot = "";
			targets = (
				7D5AB71924B78CA500A8BBE8 /* photoColormeter */,
			);
		};
/* End PBXProject section */

/* Begin PBXResourcesBuildPhase section */
		7D5AB71824B78CA500A8BBE8 /* Resources */ = {
			isa = PBXResourcesBuildPhase;
			buildActionMask = 2147483647;
			files = (
				7CC5B04524BCA77F000CA6D2 /* Colournames.json in Resources */,
				7D5AB72A24B78CA700A8BBE8 /* LaunchScreen.storyboard in Resources */,
				7D5AB72724B78CA700A8BBE8 /* Assets.xcassets in Resources */,
				71794DF124C2187D0070F5C5 /* SavedPalettes.storyboard in Resources */,
				71E4BEC124BB75DE00045156 /* ColorPicker.storyboard in Resources */,
				7CC5B03C24BC6910000CA6D2 /* PaletteAlgorithmStoryboard.storyboard in Resources */,
				7D5AB72524B78CA500A8BBE8 /* Main.storyboard in Resources */,
			);
			runOnlyForDeploymentPostprocessing = 0;
		};
/* End PBXResourcesBuildPhase section */

/* Begin PBXSourcesBuildPhase section */
		7D5AB71624B78CA500A8BBE8 /* Sources */ = {
			isa = PBXSourcesBuildPhase;
			buildActionMask = 2147483647;
			files = (
				7CC5B03B24BC6910000CA6D2 /* CustomTableViewCell.swift in Sources */,
				7D5AB72224B78CA500A8BBE8 /* ViewController.swift in Sources */,
				7C296C6724BDA55A003B8941 /* imageResizer.swift in Sources */,
				71794DEF24C2187D0070F5C5 /* Palette.swift in Sources */,
				7CC5B04224BC6923000CA6D2 /* ImageProcessor.swift in Sources */,
				7D5AB71E24B78CA500A8BBE8 /* AppDelegate.swift in Sources */,
				7D5AB72024B78CA500A8BBE8 /* SceneDelegate.swift in Sources */,
				7CC5B03A24BC6910000CA6D2 /* PixelsController.swift in Sources */,
				71794DF024C2187D0070F5C5 /* SavedPalettesNavigationController.swift in Sources */,
				7CC5B04124BC6923000CA6D2 /* RGBAImage.swift in Sources */,
				71794DF324C2187D0070F5C5 /* PaletteController.swift in Sources */,
				71794DF224C2187D0070F5C5 /* CodableColor.swift in Sources */,
				7CC5B04924BCB74B000CA6D2 /* Database.swift in Sources */,
				71794DEE24C2187D0070F5C5 /* SavedPalettesController.swift in Sources */,
				71E4BEC024BB75DE00045156 /* ColorPickerController.swift in Sources */,
			);
			runOnlyForDeploymentPostprocessing = 0;
		};
/* End PBXSourcesBuildPhase section */

/* Begin PBXVariantGroup section */
		7D5AB72324B78CA500A8BBE8 /* Main.storyboard */ = {
			isa = PBXVariantGroup;
			children = (
				7D5AB72424B78CA500A8BBE8 /* Base */,
			);
			name = Main.storyboard;
			sourceTree = "<group>";
		};
		7D5AB72824B78CA700A8BBE8 /* LaunchScreen.storyboard */ = {
			isa = PBXVariantGroup;
			children = (
				7D5AB72924B78CA700A8BBE8 /* Base */,
			);
			name = LaunchScreen.storyboard;
			sourceTree = "<group>";
		};
/* End PBXVariantGroup section */

/* Begin XCBuildConfiguration section */
		7D5AB72C24B78CA700A8BBE8 /* Debug */ = {
			isa = XCBuildConfiguration;
			buildSettings = {
				ALWAYS_SEARCH_USER_PATHS = NO;
				CLANG_ANALYZER_NONNULL = YES;
				CLANG_ANALYZER_NUMBER_OBJECT_CONVERSION = YES_AGGRESSIVE;
				CLANG_CXX_LANGUAGE_STANDARD = "gnu++14";
				CLANG_CXX_LIBRARY = "libc++";
				CLANG_ENABLE_MODULES = YES;
				CLANG_ENABLE_OBJC_ARC = YES;
				CLANG_ENABLE_OBJC_WEAK = YES;
				CLANG_WARN_BLOCK_CAPTURE_AUTORELEASING = YES;
				CLANG_WARN_BOOL_CONVERSION = YES;
				CLANG_WARN_COMMA = YES;
				CLANG_WARN_CONSTANT_CONVERSION = YES;
				CLANG_WARN_DEPRECATED_OBJC_IMPLEMENTATIONS = YES;
				CLANG_WARN_DIRECT_OBJC_ISA_USAGE = YES_ERROR;
				CLANG_WARN_DOCUMENTATION_COMMENTS = YES;
				CLANG_WARN_EMPTY_BODY = YES;
				CLANG_WARN_ENUM_CONVERSION = YES;
				CLANG_WARN_INFINITE_RECURSION = YES;
				CLANG_WARN_INT_CONVERSION = YES;
				CLANG_WARN_NON_LITERAL_NULL_CONVERSION = YES;
				CLANG_WARN_OBJC_IMPLICIT_RETAIN_SELF = YES;
				CLANG_WARN_OBJC_LITERAL_CONVERSION = YES;
				CLANG_WARN_OBJC_ROOT_CLASS = YES_ERROR;
				CLANG_WARN_RANGE_LOOP_ANALYSIS = YES;
				CLANG_WARN_STRICT_PROTOTYPES = YES;
				CLANG_WARN_SUSPICIOUS_MOVE = YES;
				CLANG_WARN_UNGUARDED_AVAILABILITY = YES_AGGRESSIVE;
				CLANG_WARN_UNREACHABLE_CODE = YES;
				CLANG_WARN__DUPLICATE_METHOD_MATCH = YES;
				COPY_PHASE_STRIP = NO;
				DEBUG_INFORMATION_FORMAT = dwarf;
				ENABLE_STRICT_OBJC_MSGSEND = YES;
				ENABLE_TESTABILITY = YES;
				GCC_C_LANGUAGE_STANDARD = gnu11;
				GCC_DYNAMIC_NO_PIC = NO;
				GCC_NO_COMMON_BLOCKS = YES;
				GCC_OPTIMIZATION_LEVEL = 0;
				GCC_PREPROCESSOR_DEFINITIONS = (
					"DEBUG=1",
					"$(inherited)",
				);
				GCC_WARN_64_TO_32_BIT_CONVERSION = YES;
				GCC_WARN_ABOUT_RETURN_TYPE = YES_ERROR;
				GCC_WARN_UNDECLARED_SELECTOR = YES;
				GCC_WARN_UNINITIALIZED_AUTOS = YES_AGGRESSIVE;
				GCC_WARN_UNUSED_FUNCTION = YES;
				GCC_WARN_UNUSED_VARIABLE = YES;
				IPHONEOS_DEPLOYMENT_TARGET = 13.5;
				MTL_ENABLE_DEBUG_INFO = INCLUDE_SOURCE;
				MTL_FAST_MATH = YES;
				ONLY_ACTIVE_ARCH = YES;
				SDKROOT = iphoneos;
				SWIFT_ACTIVE_COMPILATION_CONDITIONS = DEBUG;
				SWIFT_OPTIMIZATION_LEVEL = "-Onone";
			};
			name = Debug;
		};
		7D5AB72D24B78CA700A8BBE8 /* Release */ = {
			isa = XCBuildConfiguration;
			buildSettings = {
				ALWAYS_SEARCH_USER_PATHS = NO;
				CLANG_ANALYZER_NONNULL = YES;
				CLANG_ANALYZER_NUMBER_OBJECT_CONVERSION = YES_AGGRESSIVE;
				CLANG_CXX_LANGUAGE_STANDARD = "gnu++14";
				CLANG_CXX_LIBRARY = "libc++";
				CLANG_ENABLE_MODULES = YES;
				CLANG_ENABLE_OBJC_ARC = YES;
				CLANG_ENABLE_OBJC_WEAK = YES;
				CLANG_WARN_BLOCK_CAPTURE_AUTORELEASING = YES;
				CLANG_WARN_BOOL_CONVERSION = YES;
				CLANG_WARN_COMMA = YES;
				CLANG_WARN_CONSTANT_CONVERSION = YES;
				CLANG_WARN_DEPRECATED_OBJC_IMPLEMENTATIONS = YES;
				CLANG_WARN_DIRECT_OBJC_ISA_USAGE = YES_ERROR;
				CLANG_WARN_DOCUMENTATION_COMMENTS = YES;
				CLANG_WARN_EMPTY_BODY = YES;
				CLANG_WARN_ENUM_CONVERSION = YES;
				CLANG_WARN_INFINITE_RECURSION = YES;
				CLANG_WARN_INT_CONVERSION = YES;
				CLANG_WARN_NON_LITERAL_NULL_CONVERSION = YES;
				CLANG_WARN_OBJC_IMPLICIT_RETAIN_SELF = YES;
				CLANG_WARN_OBJC_LITERAL_CONVERSION = YES;
				CLANG_WARN_OBJC_ROOT_CLASS = YES_ERROR;
				CLANG_WARN_RANGE_LOOP_ANALYSIS = YES;
				CLANG_WARN_STRICT_PROTOTYPES = YES;
				CLANG_WARN_SUSPICIOUS_MOVE = YES;
				CLANG_WARN_UNGUARDED_AVAILABILITY = YES_AGGRESSIVE;
				CLANG_WARN_UNREACHABLE_CODE = YES;
				CLANG_WARN__DUPLICATE_METHOD_MATCH = YES;
				COPY_PHASE_STRIP = NO;
				DEBUG_INFORMATION_FORMAT = "dwarf-with-dsym";
				ENABLE_NS_ASSERTIONS = NO;
				ENABLE_STRICT_OBJC_MSGSEND = YES;
				GCC_C_LANGUAGE_STANDARD = gnu11;
				GCC_NO_COMMON_BLOCKS = YES;
				GCC_WARN_64_TO_32_BIT_CONVERSION = YES;
				GCC_WARN_ABOUT_RETURN_TYPE = YES_ERROR;
				GCC_WARN_UNDECLARED_SELECTOR = YES;
				GCC_WARN_UNINITIALIZED_AUTOS = YES_AGGRESSIVE;
				GCC_WARN_UNUSED_FUNCTION = YES;
				GCC_WARN_UNUSED_VARIABLE = YES;
				IPHONEOS_DEPLOYMENT_TARGET = 13.5;
				MTL_ENABLE_DEBUG_INFO = NO;
				MTL_FAST_MATH = YES;
				SDKROOT = iphoneos;
				SWIFT_COMPILATION_MODE = wholemodule;
				SWIFT_OPTIMIZATION_LEVEL = "-O";
				VALIDATE_PRODUCT = YES;
			};
			name = Release;
		};
		7D5AB72F24B78CA700A8BBE8 /* Debug */ = {
			isa = XCBuildConfiguration;
			buildSettings = {
				ASSETCATALOG_COMPILER_APPICON_NAME = AppIcon;
				CODE_SIGN_STYLE = Automatic;
				DEVELOPMENT_TEAM = S2YV26FJG3;
				INFOPLIST_FILE = photoColormeter/Info.plist;
				LD_RUNPATH_SEARCH_PATHS = (
					"$(inherited)",
					"@executable_path/Frameworks",
				);
				PRODUCT_BUNDLE_IDENTIFIER = ru.kpfu.itis.SamarinEvgenii.photoColormeter;
				PRODUCT_NAME = "$(TARGET_NAME)";
				SWIFT_VERSION = 5.0;
				TARGETED_DEVICE_FAMILY = "1,2";
			};
			name = Debug;
		};
		7D5AB73024B78CA700A8BBE8 /* Release */ = {
			isa = XCBuildConfiguration;
			buildSettings = {
				ASSETCATALOG_COMPILER_APPICON_NAME = AppIcon;
				CODE_SIGN_STYLE = Automatic;
				DEVELOPMENT_TEAM = S2YV26FJG3;
				INFOPLIST_FILE = photoColormeter/Info.plist;
				LD_RUNPATH_SEARCH_PATHS = (
					"$(inherited)",
					"@executable_path/Frameworks",
				);
				PRODUCT_BUNDLE_IDENTIFIER = ru.kpfu.itis.SamarinEvgenii.photoColormeter;
				PRODUCT_NAME = "$(TARGET_NAME)";
				SWIFT_VERSION = 5.0;
				TARGETED_DEVICE_FAMILY = "1,2";
			};
			name = Release;
		};
/* End XCBuildConfiguration section */

/* Begin XCConfigurationList section */
		7D5AB71524B78CA500A8BBE8 /* Build configuration list for PBXProject "photoColormeter" */ = {
			isa = XCConfigurationList;
			buildConfigurations = (
				7D5AB72C24B78CA700A8BBE8 /* Debug */,
				7D5AB72D24B78CA700A8BBE8 /* Release */,
			);
			defaultConfigurationIsVisible = 0;
			defaultConfigurationName = Release;
		};
		7D5AB72E24B78CA700A8BBE8 /* Build configuration list for PBXNativeTarget "photoColormeter" */ = {
			isa = XCConfigurationList;
			buildConfigurations = (
				7D5AB72F24B78CA700A8BBE8 /* Debug */,
				7D5AB73024B78CA700A8BBE8 /* Release */,
			);
			defaultConfigurationIsVisible = 0;
			defaultConfigurationName = Release;
		};
/* End XCConfigurationList section */
	};
	rootObject = 7D5AB71224B78CA500A8BBE8 /* Project object */;
}
